
Microsoft Visual Studio Solution File, Format Version 12.00
# Visual Studio Version 16
Project("{8BC9CEB8-8B4A-11D0-8D11-00A0C91BC942}") = "ALL_BUILD", "ALL_BUILD.vcxproj", "{E8394492-B2AA-3F31-A49E-1A7F1B82AEDD}"
	ProjectSection(ProjectDependencies) = postProject
		{DA12A769-2C75-3CF5-9B43-D7C36076C7EC} = {DA12A769-2C75-3CF5-9B43-D7C36076C7EC}
		{2E19C650-97F7-38E0-B7C7-699FD00B76AF} = {2E19C650-97F7-38E0-B7C7-699FD00B76AF}
		{55AD99BF-08BB-35B8-91F7-C2B2A1D572CA} = {55AD99BF-08BB-35B8-91F7-C2B2A1D572CA}
		{79B04F1A-2873-3A6B-BAF3-B04568C95AB4} = {79B04F1A-2873-3A6B-BAF3-B04568C95AB4}
		{22946DDB-B174-317C-89EF-C1BD551B5D89} = {22946DDB-B174-317C-89EF-C1BD551B5D89}
		{7961E0A7-29CF-3747-A46F-0FA455CEEC95} = {7961E0A7-29CF-3747-A46F-0FA455CEEC95}
		{06DEB958-FC1E-3416-9EFC-4F6AD227F668} = {06DEB958-FC1E-3416-9EFC-4F6AD227F668}
		{964856F9-DAE9-332E-A5B6-5E104CEB8A19} = {964856F9-DAE9-332E-A5B6-5E104CEB8A19}
		{F451D943-2A9D-3F19-B75B-57D14B2761C7} = {F451D943-2A9D-3F19-B75B-57D14B2761C7}
		{562247E9-CAD9-3660-99F7-725354BFB028} = {562247E9-CAD9-3660-99F7-725354BFB028}
	EndProjectSection
EndProject
Project("{8BC9CEB8-8B4A-11D0-8D11-00A0C91BC942}") = "2dplugin", "2dplugin.vcxproj", "{DA12A769-2C75-3CF5-9B43-D7C36076C7EC}"
	ProjectSection(ProjectDependencies) = postProject
		{55AD99BF-08BB-35B8-91F7-C2B2A1D572CA} = {55AD99BF-08BB-35B8-91F7-C2B2A1D572CA}
	EndProjectSection
EndProject
Project("{8BC9CEB8-8B4A-11D0-8D11-00A0C91BC942}") = "3dplugin", "3dplugin.vcxproj", "{2E19C650-97F7-38E0-B7C7-699FD00B76AF}"
	ProjectSection(ProjectDependencies) = postProject
		{55AD99BF-08BB-35B8-91F7-C2B2A1D572CA} = {55AD99BF-08BB-35B8-91F7-C2B2A1D572CA}
	EndProjectSection
EndProject
Project("{8BC9CEB8-8B4A-11D0-8D11-00A0C91BC942}") = "INSTALL", "INSTALL.vcxproj", "{AE42B9A0-38EC-3380-AE3C-C4FAA10CBB7A}"
	ProjectSection(ProjectDependencies) = postProject
		{E8394492-B2AA-3F31-A49E-1A7F1B82AEDD} = {E8394492-B2AA-3F31-A49E-1A7F1B82AEDD}
		{55AD99BF-08BB-35B8-91F7-C2B2A1D572CA} = {55AD99BF-08BB-35B8-91F7-C2B2A1D572CA}
	EndProjectSection
EndProject
Project("{8BC9CEB8-8B4A-11D0-8D11-00A0C91BC942}") = "ZERO_CHECK", "ZERO_CHECK.vcxproj", "{55AD99BF-08BB-35B8-91F7-C2B2A1D572CA}"
	ProjectSection(ProjectDependencies) = postProject
	EndProjectSection
EndProject
Project("{8BC9CEB8-8B4A-11D0-8D11-00A0C91BC942}") = "aspyre", "aspyre.vcxproj", "{79B04F1A-2873-3A6B-BAF3-B04568C95AB4}"
	ProjectSection(ProjectDependencies) = postProject
		{DA12A769-2C75-3CF5-9B43-D7C36076C7EC} = {DA12A769-2C75-3CF5-9B43-D7C36076C7EC}
		{2E19C650-97F7-38E0-B7C7-699FD00B76AF} = {2E19C650-97F7-38E0-B7C7-699FD00B76AF}
		{55AD99BF-08BB-35B8-91F7-C2B2A1D572CA} = {55AD99BF-08BB-35B8-91F7-C2B2A1D572CA}
		{22946DDB-B174-317C-89EF-C1BD551B5D89} = {22946DDB-B174-317C-89EF-C1BD551B5D89}
		{7961E0A7-29CF-3747-A46F-0FA455CEEC95} = {7961E0A7-29CF-3747-A46F-0FA455CEEC95}
		{06DEB958-FC1E-3416-9EFC-4F6AD227F668} = {06DEB958-FC1E-3416-9EFC-4F6AD227F668}
		{964856F9-DAE9-332E-A5B6-5E104CEB8A19} = {964856F9-DAE9-332E-A5B6-5E104CEB8A19}
		{F451D943-2A9D-3F19-B75B-57D14B2761C7} = {F451D943-2A9D-3F19-B75B-57D14B2761C7}
		{562247E9-CAD9-3660-99F7-725354BFB028} = {562247E9-CAD9-3660-99F7-725354BFB028}
	EndProjectSection
EndProject
Project("{8BC9CEB8-8B4A-11D0-8D11-00A0C91BC942}") = "coreplugin", "coreplugin.vcxproj", "{22946DDB-B174-317C-89EF-C1BD551B5D89}"
	ProjectSection(ProjectDependencies) = postProject
		{55AD99BF-08BB-35B8-91F7-C2B2A1D572CA} = {55AD99BF-08BB-35B8-91F7-C2B2A1D572CA}
	EndProjectSection
EndProject
Project("{8BC9CEB8-8B4A-11D0-8D11-00A0C91BC942}") = "ecsplugin", "ecsplugin.vcxproj", "{7961E0A7-29CF-3747-A46F-0FA455CEEC95}"
	ProjectSection(ProjectDependencies) = postProject
		{55AD99BF-08BB-35B8-91F7-C2B2A1D572CA} = {55AD99BF-08BB-35B8-91F7-C2B2A1D572CA}
	EndProjectSection
EndProject
Project("{8BC9CEB8-8B4A-11D0-8D11-00A0C91BC942}") = "editorplugin", "editorplugin.vcxproj", "{06DEB958-FC1E-3416-9EFC-4F6AD227F668}"
	ProjectSection(ProjectDependencies) = postProject
		{DA12A769-2C75-3CF5-9B43-D7C36076C7EC} = {DA12A769-2C75-3CF5-9B43-D7C36076C7EC}
		{2E19C650-97F7-38E0-B7C7-699FD00B76AF} = {2E19C650-97F7-38E0-B7C7-699FD00B76AF}
		{55AD99BF-08BB-35B8-91F7-C2B2A1D572CA} = {55AD99BF-08BB-35B8-91F7-C2B2A1D572CA}
		{22946DDB-B174-317C-89EF-C1BD551B5D89} = {22946DDB-B174-317C-89EF-C1BD551B5D89}
		{7961E0A7-29CF-3747-A46F-0FA455CEEC95} = {7961E0A7-29CF-3747-A46F-0FA455CEEC95}
		{964856F9-DAE9-332E-A5B6-5E104CEB8A19} = {964856F9-DAE9-332E-A5B6-5E104CEB8A19}
		{F451D943-2A9D-3F19-B75B-57D14B2761C7} = {F451D943-2A9D-3F19-B75B-57D14B2761C7}
		{562247E9-CAD9-3660-99F7-725354BFB028} = {562247E9-CAD9-3660-99F7-725354BFB028}
	EndProjectSection
EndProject
Project("{8BC9CEB8-8B4A-11D0-8D11-00A0C91BC942}") = "graphicsplugin", "graphicsplugin.vcxproj", "{964856F9-DAE9-332E-A5B6-5E104CEB8A19}"
	ProjectSection(ProjectDependencies) = postProject
		{DA12A769-2C75-3CF5-9B43-D7C36076C7EC} = {DA12A769-2C75-3CF5-9B43-D7C36076C7EC}
		{2E19C650-97F7-38E0-B7C7-699FD00B76AF} = {2E19C650-97F7-38E0-B7C7-699FD00B76AF}
		{55AD99BF-08BB-35B8-91F7-C2B2A1D572CA} = {55AD99BF-08BB-35B8-91F7-C2B2A1D572CA}
		{22946DDB-B174-317C-89EF-C1BD551B5D89} = {22946DDB-B174-317C-89EF-C1BD551B5D89}
		{7961E0A7-29CF-3747-A46F-0FA455CEEC95} = {7961E0A7-29CF-3747-A46F-0FA455CEEC95}
		{F451D943-2A9D-3F19-B75B-57D14B2761C7} = {F451D943-2A9D-3F19-B75B-57D14B2761C7}
	EndProjectSection
EndProject
Project("{8BC9CEB8-8B4A-11D0-8D11-00A0C91BC942}") = "sceneplugin", "sceneplugin.vcxproj", "{F451D943-2A9D-3F19-B75B-57D14B2761C7}"
	ProjectSection(ProjectDependencies) = postProject
		{55AD99BF-08BB-35B8-91F7-C2B2A1D572CA} = {55AD99BF-08BB-35B8-91F7-C2B2A1D572CA}
	EndProjectSection
EndProject
Project("{8BC9CEB8-8B4A-11D0-8D11-00A0C91BC942}") = "vulkanplugin", "vulkanplugin.vcxproj", "{562247E9-CAD9-3660-99F7-725354BFB028}"
	ProjectSection(ProjectDependencies) = postProject
		{55AD99BF-08BB-35B8-91F7-C2B2A1D572CA} = {55AD99BF-08BB-35B8-91F7-C2B2A1D572CA}
		{22946DDB-B174-317C-89EF-C1BD551B5D89} = {22946DDB-B174-317C-89EF-C1BD551B5D89}
		{7961E0A7-29CF-3747-A46F-0FA455CEEC95} = {7961E0A7-29CF-3747-A46F-0FA455CEEC95}
		{F451D943-2A9D-3F19-B75B-57D14B2761C7} = {F451D943-2A9D-3F19-B75B-57D14B2761C7}
	EndProjectSection
EndProject
Global
	GlobalSection(SolutionConfigurationPlatforms) = preSolution
		Debug|x64 = Debug|x64
		Release|x64 = Release|x64
		MinSizeRel|x64 = MinSizeRel|x64
		RelWithDebInfo|x64 = RelWithDebInfo|x64
	EndGlobalSection
	GlobalSection(ProjectConfigurationPlatforms) = postSolution
		{E8394492-B2AA-3F31-A49E-1A7F1B82AEDD}.Debug|x64.ActiveCfg = Debug|x64
		{E8394492-B2AA-3F31-A49E-1A7F1B82AEDD}.Debug|x64.Build.0 = Debug|x64
		{E8394492-B2AA-3F31-A49E-1A7F1B82AEDD}.Release|x64.ActiveCfg = Release|x64
		{E8394492-B2AA-3F31-A49E-1A7F1B82AEDD}.Release|x64.Build.0 = Release|x64
		{E8394492-B2AA-3F31-A49E-1A7F1B82AEDD}.MinSizeRel|x64.ActiveCfg = MinSizeRel|x64
		{E8394492-B2AA-3F31-A49E-1A7F1B82AEDD}.MinSizeRel|x64.Build.0 = MinSizeRel|x64
		{E8394492-B2AA-3F31-A49E-1A7F1B82AEDD}.RelWithDebInfo|x64.ActiveCfg = RelWithDebInfo|x64
		{E8394492-B2AA-3F31-A49E-1A7F1B82AEDD}.RelWithDebInfo|x64.Build.0 = RelWithDebInfo|x64
		{DA12A769-2C75-3CF5-9B43-D7C36076C7EC}.Debug|x64.ActiveCfg = Debug|x64
		{DA12A769-2C75-3CF5-9B43-D7C36076C7EC}.Debug|x64.Build.0 = Debug|x64
		{DA12A769-2C75-3CF5-9B43-D7C36076C7EC}.Release|x64.ActiveCfg = Release|x64
		{DA12A769-2C75-3CF5-9B43-D7C36076C7EC}.Release|x64.Build.0 = Release|x64
		{DA12A769-2C75-3CF5-9B43-D7C36076C7EC}.MinSizeRel|x64.ActiveCfg = MinSizeRel|x64
		{DA12A769-2C75-3CF5-9B43-D7C36076C7EC}.MinSizeRel|x64.Build.0 = MinSizeRel|x64
		{DA12A769-2C75-3CF5-9B43-D7C36076C7EC}.RelWithDebInfo|x64.ActiveCfg = RelWithDebInfo|x64
		{DA12A769-2C75-3CF5-9B43-D7C36076C7EC}.RelWithDebInfo|x64.Build.0 = RelWithDebInfo|x64
		{2E19C650-97F7-38E0-B7C7-699FD00B76AF}.Debug|x64.ActiveCfg = Debug|x64
		{2E19C650-97F7-38E0-B7C7-699FD00B76AF}.Debug|x64.Build.0 = Debug|x64
		{2E19C650-97F7-38E0-B7C7-699FD00B76AF}.Release|x64.ActiveCfg = Release|x64
		{2E19C650-97F7-38E0-B7C7-699FD00B76AF}.Release|x64.Build.0 = Release|x64
		{2E19C650-97F7-38E0-B7C7-699FD00B76AF}.MinSizeRel|x64.ActiveCfg = MinSizeRel|x64
		{2E19C650-97F7-38E0-B7C7-699FD00B76AF}.MinSizeRel|x64.Build.0 = MinSizeRel|x64
		{2E19C650-97F7-38E0-B7C7-699FD00B76AF}.RelWithDebInfo|x64.ActiveCfg = RelWithDebInfo|x64
		{2E19C650-97F7-38E0-B7C7-699FD00B76AF}.RelWithDebInfo|x64.Build.0 = RelWithDebInfo|x64
		{AE42B9A0-38EC-3380-AE3C-C4FAA10CBB7A}.Debug|x64.ActiveCfg = Debug|x64
		{AE42B9A0-38EC-3380-AE3C-C4FAA10CBB7A}.Release|x64.ActiveCfg = Release|x64
		{AE42B9A0-38EC-3380-AE3C-C4FAA10CBB7A}.MinSizeRel|x64.ActiveCfg = MinSizeRel|x64
		{AE42B9A0-38EC-3380-AE3C-C4FAA10CBB7A}.RelWithDebInfo|x64.ActiveCfg = RelWithDebInfo|x64
		{55AD99BF-08BB-35B8-91F7-C2B2A1D572CA}.Debug|x64.ActiveCfg = Debug|x64
		{55AD99BF-08BB-35B8-91F7-C2B2A1D572CA}.Debug|x64.Build.0 = Debug|x64
		{55AD99BF-08BB-35B8-91F7-C2B2A1D572CA}.Release|x64.ActiveCfg = Release|x64
		{55AD99BF-08BB-35B8-91F7-C2B2A1D572CA}.Release|x64.Build.0 = Release|x64
		{55AD99BF-08BB-35B8-91F7-C2B2A1D572CA}.MinSizeRel|x64.ActiveCfg = MinSizeRel|x64
		{55AD99BF-08BB-35B8-91F7-C2B2A1D572CA}.MinSizeRel|x64.Build.0 = MinSizeRel|x64
		{55AD99BF-08BB-35B8-91F7-C2B2A1D572CA}.RelWithDebInfo|x64.ActiveCfg = RelWithDebInfo|x64
		{55AD99BF-08BB-35B8-91F7-C2B2A1D572CA}.RelWithDebInfo|x64.Build.0 = RelWithDebInfo|x64
		{79B04F1A-2873-3A6B-BAF3-B04568C95AB4}.Debug|x64.ActiveCfg = Debug|x64
		{79B04F1A-2873-3A6B-BAF3-B04568C95AB4}.Debug|x64.Build.0 = Debug|x64
		{79B04F1A-2873-3A6B-BAF3-B04568C95AB4}.Release|x64.ActiveCfg = Release|x64
		{79B04F1A-2873-3A6B-BAF3-B04568C95AB4}.Release|x64.Build.0 = Release|x64
		{79B04F1A-2873-3A6B-BAF3-B04568C95AB4}.MinSizeRel|x64.ActiveCfg = MinSizeRel|x64
		{79B04F1A-2873-3A6B-BAF3-B04568C95AB4}.MinSizeRel|x64.Build.0 = MinSizeRel|x64
		{79B04F1A-2873-3A6B-BAF3-B04568C95AB4}.RelWithDebInfo|x64.ActiveCfg = RelWithDebInfo|x64
		{79B04F1A-2873-3A6B-BAF3-B04568C95AB4}.RelWithDebInfo|x64.Build.0 = RelWithDebInfo|x64
		{22946DDB-B174-317C-89EF-C1BD551B5D89}.Debug|x64.ActiveCfg = Debug|x64
		{22946DDB-B174-317C-89EF-C1BD551B5D89}.Debug|x64.Build.0 = Debug|x64
		{22946DDB-B174-317C-89EF-C1BD551B5D89}.Release|x64.ActiveCfg = Release|x64
		{22946DDB-B174-317C-89EF-C1BD551B5D89}.Release|x64.Build.0 = Release|x64
		{22946DDB-B174-317C-89EF-C1BD551B5D89}.MinSizeRel|x64.ActiveCfg = MinSizeRel|x64
		{22946DDB-B174-317C-89EF-C1BD551B5D89}.MinSizeRel|x64.Build.0 = MinSizeRel|x64
		{22946DDB-B174-317C-89EF-C1BD551B5D89}.RelWithDebInfo|x64.ActiveCfg = RelWithDebInfo|x64
		{22946DDB-B174-317C-89EF-C1BD551B5D89}.RelWithDebInfo|x64.Build.0 = RelWithDebInfo|x64
		{7961E0A7-29CF-3747-A46F-0FA455CEEC95}.Debug|x64.ActiveCfg = Debug|x64
		{7961E0A7-29CF-3747-A46F-0FA455CEEC95}.Debug|x64.Build.0 = Debug|x64
		{7961E0A7-29CF-3747-A46F-0FA455CEEC95}.Release|x64.ActiveCfg = Release|x64
		{7961E0A7-29CF-3747-A46F-0FA455CEEC95}.Release|x64.Build.0 = Release|x64
		{7961E0A7-29CF-3747-A46F-0FA455CEEC95}.MinSizeRel|x64.ActiveCfg = MinSizeRel|x64
		{7961E0A7-29CF-3747-A46F-0FA455CEEC95}.MinSizeRel|x64.Build.0 = MinSizeRel|x64
		{7961E0A7-29CF-3747-A46F-0FA455CEEC95}.RelWithDebInfo|x64.ActiveCfg = RelWithDebInfo|x64
		{7961E0A7-29CF-3747-A46F-0FA455CEEC95}.RelWithDebInfo|x64.Build.0 = RelWithDebInfo|x64
		{06DEB958-FC1E-3416-9EFC-4F6AD227F668}.Debug|x64.ActiveCfg = Debug|x64
		{06DEB958-FC1E-3416-9EFC-4F6AD227F668}.Debug|x64.Build.0 = Debug|x64
		{06DEB958-FC1E-3416-9EFC-4F6AD227F668}.Release|x64.ActiveCfg = Release|x64
		{06DEB958-FC1E-3416-9EFC-4F6AD227F668}.Release|x64.Build.0 = Release|x64
		{06DEB958-FC1E-3416-9EFC-4F6AD227F668}.MinSizeRel|x64.ActiveCfg = MinSizeRel|x64
		{06DEB958-FC1E-3416-9EFC-4F6AD227F668}.MinSizeRel|x64.Build.0 = MinSizeRel|x64
		{06DEB958-FC1E-3416-9EFC-4F6AD227F668}.RelWithDebInfo|x64.ActiveCfg = RelWithDebInfo|x64
		{06DEB958-FC1E-3416-9EFC-4F6AD227F668}.RelWithDebInfo|x64.Build.0 = RelWithDebInfo|x64
		{964856F9-DAE9-332E-A5B6-5E104CEB8A19}.Debug|x64.ActiveCfg = Debug|x64
		{964856F9-DAE9-332E-A5B6-5E104CEB8A19}.Debug|x64.Build.0 = Debug|x64
		{964856F9-DAE9-332E-A5B6-5E104CEB8A19}.Release|x64.ActiveCfg = Release|x64
		{964856F9-DAE9-332E-A5B6-5E104CEB8A19}.Release|x64.Build.0 = Release|x64
		{964856F9-DAE9-332E-A5B6-5E104CEB8A19}.MinSizeRel|x64.ActiveCfg = MinSizeRel|x64
		{964856F9-DAE9-332E-A5B6-5E104CEB8A19}.MinSizeRel|x64.Build.0 = MinSizeRel|x64
		{964856F9-DAE9-332E-A5B6-5E104CEB8A19}.RelWithDebInfo|x64.ActiveCfg = RelWithDebInfo|x64
		{964856F9-DAE9-332E-A5B6-5E104CEB8A19}.RelWithDebInfo|x64.Build.0 = RelWithDebInfo|x64
		{F451D943-2A9D-3F19-B75B-57D14B2761C7}.Debug|x64.ActiveCfg = Debug|x64
		{F451D943-2A9D-3F19-B75B-57D14B2761C7}.Debug|x64.Build.0 = Debug|x64
		{F451D943-2A9D-3F19-B75B-57D14B2761C7}.Release|x64.ActiveCfg = Release|x64
		{F451D943-2A9D-3F19-B75B-57D14B2761C7}.Release|x64.Build.0 = Release|x64
		{F451D943-2A9D-3F19-B75B-57D14B2761C7}.MinSizeRel|x64.ActiveCfg = MinSizeRel|x64
		{F451D943-2A9D-3F19-B75B-57D14B2761C7}.MinSizeRel|x64.Build.0 = MinSizeRel|x64
		{F451D943-2A9D-3F19-B75B-57D14B2761C7}.RelWithDebInfo|x64.ActiveCfg = RelWithDebInfo|x64
		{F451D943-2A9D-3F19-B75B-57D14B2761C7}.RelWithDebInfo|x64.Build.0 = RelWithDebInfo|x64
		{562247E9-CAD9-3660-99F7-725354BFB028}.Debug|x64.ActiveCfg = Debug|x64
		{562247E9-CAD9-3660-99F7-725354BFB028}.Debug|x64.Build.0 = Debug|x64
		{562247E9-CAD9-3660-99F7-725354BFB028}.Release|x64.ActiveCfg = Release|x64
		{562247E9-CAD9-3660-99F7-725354BFB028}.Release|x64.Build.0 = Release|x64
		{562247E9-CAD9-3660-99F7-725354BFB028}.MinSizeRel|x64.ActiveCfg = MinSizeRel|x64
		{562247E9-CAD9-3660-99F7-725354BFB028}.MinSizeRel|x64.Build.0 = MinSizeRel|x64
		{562247E9-CAD9-3660-99F7-725354BFB028}.RelWithDebInfo|x64.ActiveCfg = RelWithDebInfo|x64
		{562247E9-CAD9-3660-99F7-725354BFB028}.RelWithDebInfo|x64.Build.0 = RelWithDebInfo|x64
	EndGlobalSection
	GlobalSection(ExtensibilityGlobals) = postSolution
		SolutionGuid = {97F1AE12-00C7-3218-A70A-54DCC2A52051}
	EndGlobalSection
	GlobalSection(ExtensibilityAddIns) = postSolution
	EndGlobalSection
EndGlobal
